{
  "name": "xdr-json",
  "version": "1.0.0",
  "lockfileVersion": 3,
  "requires": true,
  "packages": {
    "": {
      "name": "xdr-json",
      "version": "1.0.0",
      "license": "ISC",
      "dependencies": {
        "@stellar/stellar-xdr-json": "^23.0.0-rc.1"
      }
    },
    "node_modules/@stellar/stellar-xdr-json": {
      "version": "23.0.0-rc.1",
      "resolved": "https://registry.npmjs.org/@stellar/stellar-xdr-json/-/stellar-xdr-json-23.0.0-rc.1.tgz",
      "integrity": "sha512-8Xr+iwQxpc1yGJ0wJGHSFzJCqdHbdYuBhTD4Ob/3T0H4rVP+j0i5CXZrKo3kAf51rXOGWfuYxAGRBzid3aZtAA=="
    }
  }
}
